<Solution>
  <Folder Name="/projects/" />
  <Folder Name="/projects/common/">
    <Project Path="projects/common/LF2.Backend.Helper/LF2.Backend.Helper.csproj" />
    <Project Path="projects/common/LF2.Cecil.Helper/LF2.Cecil.Helper.csproj" />
    <Project Path="projects/common/LF2.Frontend.Helper/LF2.Frontend.Helper.csproj" />
    <Project Path="projects/common/LF2.Game.Helper/LF2.Game.Helper.csproj" />
    <Project Path="projects/common/LF2.Kit/LF2.Kit.csproj" />
  </Folder>
</Solution>